
Microsoft Visual Studio Solution File, Format Version 12.00
# Visual Studio 14
VisualStudioVersion = 14.0.25420.1
MinimumVisualStudioVersion = 10.0.40219.1
Project("{FAE04EC0-301F-11D3-BF4B-00C04F79EFBC}") = "Todolist.Uwp", "Todolist.Uwp\Todolist.Uwp.csproj", "{64D44470-23B3-4011-9F77-E2B19CB7DB2F}"
EndProject
Project("{FAE04EC0-301F-11D3-BF4B-00C04F79EFBC}") = "Todolist.Portable", "Todolist.Portable\Todolist.Portable.csproj", "{4CD7E343-56B2-4F87-853A-5C6E8CE28EF2}"
EndProject
Project("{CC5FD16D-436D-48AD-A40C-5A424C6E3E79}") = "Todolist.AzureCloudService", "Todolist.AzureCloudService\Todolist.AzureCloudService.ccproj", "{E0D68546-88C8-4B57-ACF7-5233A839C92B}"
EndProject
Project("{FAE04EC0-301F-11D3-BF4B-00C04F79EFBC}") = "Todolist.MigrationWorkerRole", "Todolist.MigrationWorkerRole\Todolist.MigrationWorkerRole.csproj", "{AA0C2DAE-031F-45A0-B522-377D2CA1FB2E}"
EndProject
Global
	GlobalSection(SolutionConfigurationPlatforms) = preSolution
		Debug|Any CPU = Debug|Any CPU
		Debug|ARM = Debug|ARM
		Debug|x64 = Debug|x64
		Debug|x86 = Debug|x86
		Release|Any CPU = Release|Any CPU
		Release|ARM = Release|ARM
		Release|x64 = Release|x64
		Release|x86 = Release|x86
	EndGlobalSection
	GlobalSection(ProjectConfigurationPlatforms) = postSolution
		{64D44470-23B3-4011-9F77-E2B19CB7DB2F}.Debug|Any CPU.ActiveCfg = Debug|x86
		{64D44470-23B3-4011-9F77-E2B19CB7DB2F}.Debug|ARM.ActiveCfg = Debug|ARM
		{64D44470-23B3-4011-9F77-E2B19CB7DB2F}.Debug|ARM.Build.0 = Debug|ARM
		{64D44470-23B3-4011-9F77-E2B19CB7DB2F}.Debug|ARM.Deploy.0 = Debug|ARM
		{64D44470-23B3-4011-9F77-E2B19CB7DB2F}.Debug|x64.ActiveCfg = Debug|x64
		{64D44470-23B3-4011-9F77-E2B19CB7DB2F}.Debug|x64.Build.0 = Debug|x64
		{64D44470-23B3-4011-9F77-E2B19CB7DB2F}.Debug|x64.Deploy.0 = Debug|x64
		{64D44470-23B3-4011-9F77-E2B19CB7DB2F}.Debug|x86.ActiveCfg = Debug|x86
		{64D44470-23B3-4011-9F77-E2B19CB7DB2F}.Debug|x86.Build.0 = Debug|x86
		{64D44470-23B3-4011-9F77-E2B19CB7DB2F}.Debug|x86.Deploy.0 = Debug|x86
		{64D44470-23B3-4011-9F77-E2B19CB7DB2F}.Release|Any CPU.ActiveCfg = Release|x86
		{64D44470-23B3-4011-9F77-E2B19CB7DB2F}.Release|ARM.ActiveCfg = Release|ARM
		{64D44470-23B3-4011-9F77-E2B19CB7DB2F}.Release|ARM.Build.0 = Release|ARM
		{64D44470-23B3-4011-9F77-E2B19CB7DB2F}.Release|ARM.Deploy.0 = Release|ARM
		{64D44470-23B3-4011-9F77-E2B19CB7DB2F}.Release|x64.ActiveCfg = Release|x64
		{64D44470-23B3-4011-9F77-E2B19CB7DB2F}.Release|x64.Build.0 = Release|x64
		{64D44470-23B3-4011-9F77-E2B19CB7DB2F}.Release|x64.Deploy.0 = Release|x64
		{64D44470-23B3-4011-9F77-E2B19CB7DB2F}.Release|x86.ActiveCfg = Release|x86
		{64D44470-23B3-4011-9F77-E2B19CB7DB2F}.Release|x86.Build.0 = Release|x86
		{64D44470-23B3-4011-9F77-E2B19CB7DB2F}.Release|x86.Deploy.0 = Release|x86
		{4CD7E343-56B2-4F87-853A-5C6E8CE28EF2}.Debug|Any CPU.ActiveCfg = Debug|Any CPU
		{4CD7E343-56B2-4F87-853A-5C6E8CE28EF2}.Debug|Any CPU.Build.0 = Debug|Any CPU
		{4CD7E343-56B2-4F87-853A-5C6E8CE28EF2}.Debug|ARM.ActiveCfg = Debug|Any CPU
		{4CD7E343-56B2-4F87-853A-5C6E8CE28EF2}.Debug|ARM.Build.0 = Debug|Any CPU
		{4CD7E343-56B2-4F87-853A-5C6E8CE28EF2}.Debug|x64.ActiveCfg = Debug|Any CPU
		{4CD7E343-56B2-4F87-853A-5C6E8CE28EF2}.Debug|x64.Build.0 = Debug|Any CPU
		{4CD7E343-56B2-4F87-853A-5C6E8CE28EF2}.Debug|x86.ActiveCfg = Debug|Any CPU
		{4CD7E343-56B2-4F87-853A-5C6E8CE28EF2}.Debug|x86.Build.0 = Debug|Any CPU
		{4CD7E343-56B2-4F87-853A-5C6E8CE28EF2}.Release|Any CPU.ActiveCfg = Release|Any CPU
		{4CD7E343-56B2-4F87-853A-5C6E8CE28EF2}.Release|Any CPU.Build.0 = Release|Any CPU
		{4CD7E343-56B2-4F87-853A-5C6E8CE28EF2}.Release|ARM.ActiveCfg = Release|Any CPU
		{4CD7E343-56B2-4F87-853A-5C6E8CE28EF2}.Release|ARM.Build.0 = Release|Any CPU
		{4CD7E343-56B2-4F87-853A-5C6E8CE28EF2}.Release|x64.ActiveCfg = Release|Any CPU
		{4CD7E343-56B2-4F87-853A-5C6E8CE28EF2}.Release|x64.Build.0 = Release|Any CPU
		{4CD7E343-56B2-4F87-853A-5C6E8CE28EF2}.Release|x86.ActiveCfg = Release|Any CPU
		{4CD7E343-56B2-4F87-853A-5C6E8CE28EF2}.Release|x86.Build.0 = Release|Any CPU
		{E0D68546-88C8-4B57-ACF7-5233A839C92B}.Debug|Any CPU.ActiveCfg = Debug|Any CPU
		{E0D68546-88C8-4B57-ACF7-5233A839C92B}.Debug|Any CPU.Build.0 = Debug|Any CPU
		{E0D68546-88C8-4B57-ACF7-5233A839C92B}.Debug|ARM.ActiveCfg = Debug|Any CPU
		{E0D68546-88C8-4B57-ACF7-5233A839C92B}.Debug|ARM.Build.0 = Debug|Any CPU
		{E0D68546-88C8-4B57-ACF7-5233A839C92B}.Debug|x64.ActiveCfg = Debug|Any CPU
		{E0D68546-88C8-4B57-ACF7-5233A839C92B}.Debug|x64.Build.0 = Debug|Any CPU
		{E0D68546-88C8-4B57-ACF7-5233A839C92B}.Debug|x86.ActiveCfg = Debug|Any CPU
		{E0D68546-88C8-4B57-ACF7-5233A839C92B}.Debug|x86.Build.0 = Debug|Any CPU
		{E0D68546-88C8-4B57-ACF7-5233A839C92B}.Release|Any CPU.ActiveCfg = Release|Any CPU
		{E0D68546-88C8-4B57-ACF7-5233A839C92B}.Release|Any CPU.Build.0 = Release|Any CPU
		{E0D68546-88C8-4B57-ACF7-5233A839C92B}.Release|ARM.ActiveCfg = Release|Any CPU
		{E0D68546-88C8-4B57-ACF7-5233A839C92B}.Release|ARM.Build.0 = Release|Any CPU
		{E0D68546-88C8-4B57-ACF7-5233A839C92B}.Release|x64.ActiveCfg = Release|Any CPU
		{E0D68546-88C8-4B57-ACF7-5233A839C92B}.Release|x64.Build.0 = Release|Any CPU
		{E0D68546-88C8-4B57-ACF7-5233A839C92B}.Release|x86.ActiveCfg = Release|Any CPU
		{E0D68546-88C8-4B57-ACF7-5233A839C92B}.Release|x86.Build.0 = Release|Any CPU
		{AA0C2DAE-031F-45A0-B522-377D2CA1FB2E}.Debug|Any CPU.ActiveCfg = Debug|Any CPU
		{AA0C2DAE-031F-45A0-B522-377D2CA1FB2E}.Debug|Any CPU.Build.0 = Debug|Any CPU
		{AA0C2DAE-031F-45A0-B522-377D2CA1FB2E}.Debug|ARM.ActiveCfg = Debug|Any CPU
		{AA0C2DAE-031F-45A0-B522-377D2CA1FB2E}.Debug|ARM.Build.0 = Debug|Any CPU
		{AA0C2DAE-031F-45A0-B522-377D2CA1FB2E}.Debug|x64.ActiveCfg = Debug|Any CPU
		{AA0C2DAE-031F-45A0-B522-377D2CA1FB2E}.Debug|x64.Build.0 = Debug|Any CPU
		{AA0C2DAE-031F-45A0-B522-377D2CA1FB2E}.Debug|x86.ActiveCfg = Debug|Any CPU
		{AA0C2DAE-031F-45A0-B522-377D2CA1FB2E}.Debug|x86.Build.0 = Debug|Any CPU
		{AA0C2DAE-031F-45A0-B522-377D2CA1FB2E}.Release|Any CPU.ActiveCfg = Release|Any CPU
		{AA0C2DAE-031F-45A0-B522-377D2CA1FB2E}.Release|Any CPU.Build.0 = Release|Any CPU
		{AA0C2DAE-031F-45A0-B522-377D2CA1FB2E}.Release|ARM.ActiveCfg = Release|Any CPU
		{AA0C2DAE-031F-45A0-B522-377D2CA1FB2E}.Release|ARM.Build.0 = Release|Any CPU
		{AA0C2DAE-031F-45A0-B522-377D2CA1FB2E}.Release|x64.ActiveCfg = Release|Any CPU
		{AA0C2DAE-031F-45A0-B522-377D2CA1FB2E}.Release|x64.Build.0 = Release|Any CPU
		{AA0C2DAE-031F-45A0-B522-377D2CA1FB2E}.Release|x86.ActiveCfg = Release|Any CPU
		{AA0C2DAE-031F-45A0-B522-377D2CA1FB2E}.Release|x86.Build.0 = Release|Any CPU
	EndGlobalSection
	GlobalSection(SolutionProperties) = preSolution
		HideSolutionNode = FALSE
	EndGlobalSection
EndGlobal
